
Microsoft Visual Studio Solution File, Format Version 12.00
# Visual Studio Version 17
VisualStudioVersion = 17.5.33502.453
MinimumVisualStudioVersion = 10.0.40219.1
Project("{FAE04EC0-301F-11D3-BF4B-00C04F79EFBC}") = "HaroldT", "HaroldT.csproj", "{9E124D54-611B-418E-B9F2-08E4C7F5E570}"
EndProject
Global
	GlobalSection(SolutionConfigurationPlatforms) = preSolution
		Debug|Any CPU = Debug|Any CPU
		Release|Any CPU = Release|Any CPU
	EndGlobalSection
	GlobalSection(ProjectConfigurationPlatforms) = postSolution
		{9E124D54-611B-418E-B9F2-08E4C7F5E570}.Debug|Any CPU.ActiveCfg = Debug|Any CPU
		{9E124D54-611B-418E-B9F2-08E4C7F5E570}.Debug|Any CPU.Build.0 = Debug|Any CPU
		{9E124D54-611B-418E-B9F2-08E4C7F5E570}.Release|Any CPU.ActiveCfg = Release|Any CPU
		{9E124D54-611B-418E-B9F2-08E4C7F5E570}.Release|Any CPU.Build.0 = Release|Any CPU
	EndGlobalSection
	GlobalSection(SolutionProperties) = preSolution
		HideSolutionNode = FALSE
	EndGlobalSection
	GlobalSection(ExtensibilityGlobals) = postSolution
		SolutionGuid = {FF1745CC-7DB2-42C8-A985-A1C355C7C63D}
	EndGlobalSection
EndGlobal
